// !$*UTF8*$!
{
	archiveVersion = 1;
	classes = {
	};
	objectVersion = 77;
	objects = {

/* Begin PBXBuildFile section */
		95658AF32EC911F0007A2A01 /* classfiermodel.mlmodel in Sources */ = {isa = PBXBuildFile; fileRef = 95658AF22EC911F0007A2A01 /* classfiermodel.mlmodel */; };
/* End PBXBuildFile section */

/* Begin PBXContainerItemProxy section */
		95191B6F2EC8FDF00096D2A6 /* PBXContainerItemProxy */ = {
			isa = PBXContainerItemProxy;
			containerPortal = 95191B592EC8FDEF0096D2A6 /* Project object */;
			proxyType = 1;
			remoteGlobalIDString = 95191B602EC8FDEF0096D2A6;
			remoteInfo = offlinestudy;
		};
		95191B792EC8FDF00096D2A6 /* PBXContainerItemProxy */ = {
			isa = PBXContainerItemProxy;
			containerPortal = 95191B592EC8FDEF0096D2A6 /* Project object */;
			proxyType = 1;
			remoteGlobalIDString = 95191B602EC8FDEF0096D2A6;
			remoteInfo = offlinestudy;
		};
/* End PBXContainerItemProxy section */

/* Begin PBXFileReference section */
		95191B612EC8FDEF0096D2A6 /* offlinestudy.app */ = {isa = PBXFileReference; explicitFileType = wrapper.application; includeInIndex = 0; path = offlinestudy.app; sourceTree = BUILT_PRODUCTS_DIR; };
		95191B6E2EC8FDF00096D2A6 /* offlinestudyTests.xctest */ = {isa = PBXFileReference; explicitFileType = wrapper.cfbundle; includeInIndex = 0; path = offlinestudyTests.xctest; sourceTree = BUILT_PRODUCTS_DIR; };
		95191B782EC8FDF00096D2A6 /* offlinestudyUITests.xctest */ = {isa = PBXFileReference; explicitFileType = wrapper.cfbundle; includeInIndex = 0; path = offlinestudyUITests.xctest; sourceTree = BUILT_PRODUCTS_DIR; };
		95658AF22EC911F0007A2A01 /* classfiermodel.mlmodel */ = {isa = PBXFileReference; lastKnownFileType = file.mlmodel; path = classfiermodel.mlmodel; sourceTree = "<group>"; };
/* End PBXFileReference section */

/* Begin PBXFileSystemSynchronizedRootGroup section */
		95191B632EC8FDEF0096D2A6 /* offlinestudy */ = {
			isa = PBXFileSystemSynchronizedRootGroup;
			path = offlinestudy;
			sourceTree = "<group>";
		};
		95191B712EC8FDF00096D2A6 /* offlinestudyTests */ = {
			isa = PBXFileSystemSynchronizedRootGroup;
			path = offlinestudyTests;
			sourceTree = "<group>";
		};
		95191B7B2EC8FDF00096D2A6 /* offlinestudyUITests */ = {
			isa = PBXFileSystemSynchronizedRootGroup;
			path = offlinestudyUITests;
			sourceTree = "<group>";
		};
/* End PBXFileSystemSynchronizedRootGroup section */

/* Begin PBXFrameworksBuildPhase section */
		95191B5E2EC8FDEF0096D2A6 /* Frameworks */ = {
			isa = PBXFrameworksBuildPhase;
			buildActionMask = 2147483647;
			files = (
			);
			runOnlyForDeploymentPostprocessing = 0;
		};
		95191B6B2EC8FDF00096D2A6 /* Frameworks */ = {
			isa = PBXFrameworksBuildPhase;
			buildActionMask = 2147483647;
			files = (
			);
			runOnlyForDeploymentPostprocessing = 0;
		};
		95191B752EC8FDF00096D2A6 /* Frameworks */ = {
			isa = PBXFrameworksBuildPhase;
			buildActionMask = 2147483647;
			files = (
			);
			runOnlyForDeploymentPostprocessing = 0;
		};
/* End PBXFrameworksBuildPhase section */

/* Begin PBXGroup section */
		95191B582EC8FDEF0096D2A6 = {
			isa = PBXGroup;
			children = (
				95191B632EC8FDEF0096D2A6 /* offlinestudy */,
				95191B712EC8FDF00096D2A6 /* offlinestudyTests */,
				95191B7B2EC8FDF00096D2A6 /* offlinestudyUITests */,
				95658AF22EC911F0007A2A01 /* classfiermodel.mlmodel */,
				95191B622EC8FDEF0096D2A6 /* Products */,
			);
			sourceTree = "<group>";
		};
		95191B622EC8FDEF0096D2A6 /* Products */ = {
			isa = PBXGroup;
			children = (
				95191B612EC8FDEF0096D2A6 /* offlinestudy.app */,
				95191B6E2EC8FDF00096D2A6 /* offlinestudyTests.xctest */,
				95191B782EC8FDF00096D2A6 /* offlinestudyUITests.xctest */,
			);
			name = Products;
			sourceTree = "<group>";
		};
/* End PBXGroup section */

/* Begin PBXNativeTarget section */
		95191B602EC8FDEF0096D2A6 /* offlinestudy */ = {
			isa = PBXNativeTarget;
			buildConfigurationList = 95191B822EC8FDF00096D2A6 /* Build configuration list for PBXNativeTarget "offlinestudy" */;
			buildPhases = (
				95191B5D2EC8FDEF0096D2A6 /* Sources */,
				95191B5E2EC8FDEF0096D2A6 /* Frameworks */,
				95191B5F2EC8FDEF0096D2A6 /* Resources */,
			);
			buildRules = (
			);
			dependencies = (
			);
			fileSystemSynchronizedGroups = (
				95191B632EC8FDEF0096D2A6 /* offlinestudy */,
			);
			name = offlinestudy;
			packageProductDependencies = (
			);
			productName = offlinestudy;
			productReference = 95191B612EC8FDEF0096D2A6 /* offlinestudy.app */;
			productType = "com.apple.product-type.application";
		};
		95191B6D2EC8FDF00096D2A6 /* offlinestudyTests */ = {
			isa = PBXNativeTarget;
			buildConfigurationList = 95191B852EC8FDF00096D2A6 /* Build configuration list for PBXNativeTarget "offlinestudyTests" */;
			buildPhases = (
				95191B6A2EC8FDF00096D2A6 /* Sources */,
				95191B6B2EC8FDF00096D2A6 /* Frameworks */,
				95191B6C2EC8FDF00096D2A6 /* Resources */,
			);
			buildRules = (
			);
			dependencies = (
				95191B702EC8FDF00096D2A6 /* PBXTargetDependency */,
			);
			fileSystemSynchronizedGroups = (
				95191B712EC8FDF00096D2A6 /* offlinestudyTests */,
			);
			name = offlinestudyTests;
			packageProductDependencies = (
			);
			productName = offlinestudyTests;
			productReference = 95191B6E2EC8FDF00096D2A6 /* offlinestudyTests.xctest */;
			productType = "com.apple.product-type.bundle.unit-test";
		};
		95191B772EC8FDF00096D2A6 /* offlinestudyUITests */ = {
			isa = PBXNativeTarget;
			buildConfigurationList = 95191B882EC8FDF00096D2A6 /* Build configuration list for PBXNativeTarget "offlinestudyUITests" */;
			buildPhases = (
				95191B742EC8FDF00096D2A6 /* Sources */,
				95191B752EC8FDF00096D2A6 /* Frameworks */,
				95191B762EC8FDF00096D2A6 /* Resources */,
			);
			buildRules = (
			);
			dependencies = (
				95191B7A2EC8FDF00096D2A6 /* PBXTargetDependency */,
			);
			fileSystemSynchronizedGroups = (
				95191B7B2EC8FDF00096D2A6 /* offlinestudyUITests */,
			);
			name = offlinestudyUITests;
			packageProductDependencies = (
			);
			productName = offlinestudyUITests;
			productReference = 95191B782EC8FDF00096D2A6 /* offlinestudyUITests.xctest */;
			productType = "com.apple.product-type.bundle.ui-testing";
		};
/* End PBXNativeTarget section */

/* Begin PBXProject section */
		95191B592EC8FDEF0096D2A6 /* Project object */ = {
			isa = PBXProject;
			attributes = {
				BuildIndependentTargetsInParallel = 1;
				LastSwiftUpdateCheck = 2610;
				LastUpgradeCheck = 2610;
				TargetAttributes = {
					95191B602EC8FDEF0096D2A6 = {
						CreatedOnToolsVersion = 26.1;
					};
					95191B6D2EC8FDF00096D2A6 = {
						CreatedOnToolsVersion = 26.1;
						TestTargetID = 95191B602EC8FDEF0096D2A6;
					};
					95191B772EC8FDF00096D2A6 = {
						CreatedOnToolsVersion = 26.1;
						TestTargetID = 95191B602EC8FDEF0096D2A6;
					};
				};
			};
			buildConfigurationList = 95191B5C2EC8FDEF0096D2A6 /* Build configuration list for PBXProject "offlinestudy" */;
			developmentRegion = en;
			hasScannedForEncodings = 0;
			knownRegions = (
				en,
				Base,
			);
			mainGroup = 95191B582EC8FDEF0096D2A6;
			minimizedProjectReferenceProxies = 1;
			preferredProjectObjectVersion = 77;
			productRefGroup = 95191B622EC8FDEF0096D2A6 /* Products */;
			projectDirPath = "";
			projectRoot = "";
			targets = (
				95191B602EC8FDEF0096D2A6 /* offlinestudy */,
				95191B6D2EC8FDF00096D2A6 /* offlinestudyTests */,
				95191B772EC8FDF00096D2A6 /* offlinestudyUITests */,
			);
		};
/* End PBXProject section */

/* Begin PBXResourcesBuildPhase section */
		95191B5F2EC8FDEF0096D2A6 /* Resources */ = {
			isa = PBXResourcesBuildPhase;
			buildActionMask = 2147483647;
			files = (
			);
			runOnlyForDeploymentPostprocessing = 0;
		};
		95191B6C2EC8FDF00096D2A6 /* Resources */ = {
			isa = PBXResourcesBuildPhase;
			buildActionMask = 2147483647;
			files = (
			);
			runOnlyForDeploymentPostprocessing = 0;
		};
		95191B762EC8FDF00096D2A6 /* Resources */ = {
			isa = PBXResourcesBuildPhase;
			buildActionMask = 2147483647;
			files = (
			);
			runOnlyForDeploymentPostprocessing = 0;
		};
/* End PBXResourcesBuildPhase section */

/* Begin PBXSourcesBuildPhase section */
		95191B5D2EC8FDEF0096D2A6 /* Sources */ = {
			isa = PBXSourcesBuildPhase;
			buildActionMask = 2147483647;
			files = (
				95658AF32EC911F0007A2A01 /* classfiermodel.mlmodel in Sources */,
			);
			runOnlyForDeploymentPostprocessing = 0;
		};
		95191B6A2EC8FDF00096D2A6 /* Sources */ = {
			isa = PBXSourcesBuildPhase;
			buildActionMask = 2147483647;
			files = (
			);
			runOnlyForDeploymentPostprocessing = 0;
		};
		95191B742EC8FDF00096D2A6 /* Sources */ = {
			isa = PBXSourcesBuildPhase;
			buildActionMask = 2147483647;
			files = (
			);
			runOnlyForDeploymentPostprocessing = 0;
		};
/* End PBXSourcesBuildPhase section */

/* Begin PBXTargetDependency section */
		95191B702EC8FDF00096D2A6 /* PBXTargetDependency */ = {
			isa = PBXTargetDependency;
			target = 95191B602EC8FDEF0096D2A6 /* offlinestudy */;
			targetProxy = 95191B6F2EC8FDF00096D2A6 /* PBXContainerItemProxy */;
		};
		95191B7A2EC8FDF00096D2A6 /* PBXTargetDependency */ = {
			isa = PBXTargetDependency;
			target = 95191B602EC8FDEF0096D2A6 /* offlinestudy */;
			targetProxy = 95191B792EC8FDF00096D2A6 /* PBXContainerItemProxy */;
		};
/* End PBXTargetDependency section */

/* Begin XCBuildConfiguration section */
		95191B802EC8FDF00096D2A6 /* Debug */ = {
			isa = XCBuildConfiguration;
			buildSettings = {
				ALWAYS_SEARCH_USER_PATHS = NO;
				ASSETCATALOG_COMPILER_GENERATE_SWIFT_ASSET_SYMBOL_EXTENSIONS = YES;
				CLANG_ANALYZER_NONNULL = YES;
				CLANG_ANALYZER_NUMBER_OBJECT_CONVERSION = YES_AGGRESSIVE;
				CLANG_CXX_LANGUAGE_STANDARD = "gnu++20";
				CLANG_ENABLE_MODULES = YES;
				CLANG_ENABLE_OBJC_ARC = YES;
				CLANG_ENABLE_OBJC_WEAK = YES;
				CLANG_WARN_BLOCK_CAPTURE_AUTORELEASING = YES;
				CLANG_WARN_BOOL_CONVERSION = YES;
				CLANG_WARN_COMMA = YES;
				CLANG_WARN_CONSTANT_CONVERSION = YES;
				CLANG_WARN_DEPRECATED_OBJC_IMPLEMENTATIONS = YES;
				CLANG_WARN_DIRECT_OBJC_ISA_USAGE = YES_ERROR;
				CLANG_WARN_DOCUMENTATION_COMMENTS = YES;
				CLANG_WARN_EMPTY_BODY = YES;
				CLANG_WARN_ENUM_CONVERSION = YES;
				CLANG_WARN_INFINITE_RECURSION = YES;
				CLANG_WARN_INT_CONVERSION = YES;
				CLANG_WARN_NON_LITERAL_NULL_CONVERSION = YES;
				CLANG_WARN_OBJC_IMPLICIT_RETAIN_SELF = YES;
				CLANG_WARN_OBJC_LITERAL_CONVERSION = YES;
				CLANG_WARN_OBJC_ROOT_CLASS = YES_ERROR;
				CLANG_WARN_QUOTED_INCLUDE_IN_FRAMEWORK_HEADER = YES;
				CLANG_WARN_RANGE_LOOP_ANALYSIS = YES;
				CLANG_WARN_STRICT_PROTOTYPES = YES;
				CLANG_WARN_SUSPICIOUS_MOVE = YES;
				CLANG_WARN_UNGUARDED_AVAILABILITY = YES_AGGRESSIVE;
				CLANG_WARN_UNREACHABLE_CODE = YES;
				CLANG_WARN__DUPLICATE_METHOD_MATCH = YES;
				COPY_PHASE_STRIP = NO;
				DEBUG_INFORMATION_FORMAT = dwarf;
				ENABLE_STRICT_OBJC_MSGSEND = YES;
				ENABLE_TESTABILITY = YES;
				ENABLE_USER_SCRIPT_SANDBOXING = YES;
				GCC_C_LANGUAGE_STANDARD = gnu17;
				GCC_DYNAMIC_NO_PIC = NO;
				GCC_NO_COMMON_BLOCKS = YES;
				GCC_OPTIMIZATION_LEVEL = 0;
				GCC_PREPROCESSOR_DEFINITIONS = (
					"DEBUG=1",
					"$(inherited)",
				);
				GCC_WARN_64_TO_32_BIT_CONVERSION = YES;
				GCC_WARN_ABOUT_RETURN_TYPE = YES_ERROR;
				GCC_WARN_UNDECLARED_SELECTOR = YES;
				GCC_WARN_UNINITIALIZED_AUTOS = YES_AGGRESSIVE;
				GCC_WARN_UNUSED_FUNCTION = YES;
				GCC_WARN_UNUSED_VARIABLE = YES;
				IPHONEOS_DEPLOYMENT_TARGET = 26.1;
				LOCALIZATION_PREFERS_STRING_CATALOGS = YES;
				MTL_ENABLE_DEBUG_INFO = INCLUDE_SOURCE;
				MTL_FAST_MATH = YES;
				ONLY_ACTIVE_ARCH = YES;
				SDKROOT = iphoneos;
				SWIFT_ACTIVE_COMPILATION_CONDITIONS = "DEBUG $(inherited)";
				SWIFT_OPTIMIZATION_LEVEL = "-Onone";
			};
			name = Debug;
		};
		95191B812EC8FDF00096D2A6 /* Release */ = {
			isa = XCBuildConfiguration;
			buildSettings = {
				ALWAYS_SEARCH_USER_PATHS = NO;
				ASSETCATALOG_COMPILER_GENERATE_SWIFT_ASSET_SYMBOL_EXTENSIONS = YES;
				CLANG_ANALYZER_NONNULL = YES;
				CLANG_ANALYZER_NUMBER_OBJECT_CONVERSION = YES_AGGRESSIVE;
				CLANG_CXX_LANGUAGE_STANDARD = "gnu++20";
				CLANG_ENABLE_MODULES = YES;
				CLANG_ENABLE_OBJC_ARC = YES;
				CLANG_ENABLE_OBJC_WEAK = YES;
				CLANG_WARN_BLOCK_CAPTURE_AUTORELEASING = YES;
				CLANG_WARN_BOOL_CONVERSION = YES;
				CLANG_WARN_COMMA = YES;
				CLANG_WARN_CONSTANT_CONVERSION = YES;
				CLANG_WARN_DEPRECATED_OBJC_IMPLEMENTATIONS = YES;
				CLANG_WARN_DIRECT_OBJC_ISA_USAGE = YES_ERROR;
				CLANG_WARN_DOCUMENTATION_COMMENTS = YES;
				CLANG_WARN_EMPTY_BODY = YES;
				CLANG_WARN_ENUM_CONVERSION = YES;
				CLANG_WARN_INFINITE_RECURSION = YES;
				CLANG_WARN_INT_CONVERSION = YES;
				CLANG_WARN_NON_LITERAL_NULL_CONVERSION = YES;
				CLANG_WARN_OBJC_IMPLICIT_RETAIN_SELF = YES;
				CLANG_WARN_OBJC_LITERAL_CONVERSION = YES;
				CLANG_WARN_OBJC_ROOT_CLASS = YES_ERROR;
				CLANG_WARN_QUOTED_INCLUDE_IN_FRAMEWORK_HEADER = YES;
				CLANG_WARN_RANGE_LOOP_ANALYSIS = YES;
				CLANG_WARN_STRICT_PROTOTYPES = YES;
				CLANG_WARN_SUSPICIOUS_MOVE = YES;
				CLANG_WARN_UNGUARDED_AVAILABILITY = YES_AGGRESSIVE;
				CLANG_WARN_UNREACHABLE_CODE = YES;
				CLANG_WARN__DUPLICATE_METHOD_MATCH = YES;
				COPY_PHASE_STRIP = NO;
				DEBUG_INFORMATION_FORMAT = "dwarf-with-dsym";
				ENABLE_NS_ASSERTIONS = NO;
				ENABLE_STRICT_OBJC_MSGSEND = YES;
				ENABLE_USER_SCRIPT_SANDBOXING = YES;
				GCC_C_LANGUAGE_STANDARD = gnu17;
				GCC_NO_COMMON_BLOCKS = YES;
				GCC_WARN_64_TO_32_BIT_CONVERSION = YES;
				GCC_WARN_ABOUT_RETURN_TYPE = YES_ERROR;
				GCC_WARN_UNDECLARED_SELECTOR = YES;
				GCC_WARN_UNINITIALIZED_AUTOS = YES_AGGRESSIVE;
				GCC_WARN_UNUSED_FUNCTION = YES;
				GCC_WARN_UNUSED_VARIABLE = YES;
				IPHONEOS_DEPLOYMENT_TARGET = 26.1;
				LOCALIZATION_PREFERS_STRING_CATALOGS = YES;
				MTL_ENABLE_DEBUG_INFO = NO;
				MTL_FAST_MATH = YES;
				SDKROOT = iphoneos;
				SWIFT_COMPILATION_MODE = wholemodule;
				VALIDATE_PRODUCT = YES;
			};
			name = Release;
		};
		95191B832EC8FDF00096D2A6 /* Debug */ = {
			isa = XCBuildConfiguration;
			buildSettings = {
				ASSETCATALOG_COMPILER_APPICON_NAME = AppIcon;
				ASSETCATALOG_COMPILER_GLOBAL_ACCENT_COLOR_NAME = AccentColor;
				CODE_SIGN_STYLE = Automatic;
				CURRENT_PROJECT_VERSION = 1;
				DEVELOPMENT_TEAM = 3U339KHZVT;
				ENABLE_PREVIEWS = YES;
				GENERATE_INFOPLIST_FILE = YES;
				INFOPLIST_KEY_NSCameraUsageDescription = "To scan notes and documents";
				INFOPLIST_KEY_UIApplicationSceneManifest_Generation = YES;
				INFOPLIST_KEY_UIApplicationSupportsIndirectInputEvents = YES;
				INFOPLIST_KEY_UILaunchScreen_Generation = YES;
				INFOPLIST_KEY_UISupportedInterfaceOrientations_iPad = "UIInterfaceOrientationPortrait UIInterfaceOrientationPortraitUpsideDown UIInterfaceOrientationLandscapeLeft UIInterfaceOrientationLandscapeRight";
				INFOPLIST_KEY_UISupportedInterfaceOrientations_iPhone = "UIInterfaceOrientationPortrait UIInterfaceOrientationLandscapeLeft UIInterfaceOrientationLandscapeRight";
				IPHONEOS_DEPLOYMENT_TARGET = 17.6;
				LD_RUNPATH_SEARCH_PATHS = (
					"$(inherited)",
					"@executable_path/Frameworks",
				);
				MARKETING_VERSION = 1.0;
				PRODUCT_BUNDLE_IDENTIFIER = agh.offlinestudy;
				PRODUCT_NAME = "$(TARGET_NAME)";
				STRING_CATALOG_GENERATE_SYMBOLS = YES;
				SWIFT_APPROACHABLE_CONCURRENCY = YES;
				SWIFT_DEFAULT_ACTOR_ISOLATION = MainActor;
				SWIFT_EMIT_LOC_STRINGS = YES;
				SWIFT_UPCOMING_FEATURE_MEMBER_IMPORT_VISIBILITY = YES;
				SWIFT_VERSION = 5.0;
				TARGETED_DEVICE_FAMILY = "1,2";
			};
			name = Debug;
		};
		95191B842EC8FDF00096D2A6 /* Release */ = {
			isa = XCBuildConfiguration;
			buildSettings = {
				ASSETCATALOG_COMPILER_APPICON_NAME = AppIcon;
				ASSETCATALOG_COMPILER_GLOBAL_ACCENT_COLOR_NAME = AccentColor;
				CODE_SIGN_STYLE = Automatic;
				CURRENT_PROJECT_VERSION = 1;
				DEVELOPMENT_TEAM = 3U339KHZVT;
				ENABLE_PREVIEWS = YES;
				GENERATE_INFOPLIST_FILE = YES;
				INFOPLIST_KEY_NSCameraUsageDescription = "To scan notes and documents";
				INFOPLIST_KEY_UIApplicationSceneManifest_Generation = YES;
				INFOPLIST_KEY_UIApplicationSupportsIndirectInputEvents = YES;
				INFOPLIST_KEY_UILaunchScreen_Generation = YES;
				INFOPLIST_KEY_UISupportedInterfaceOrientations_iPad = "UIInterfaceOrientationPortrait UIInterfaceOrientationPortraitUpsideDown UIInterfaceOrientationLandscapeLeft UIInterfaceOrientationLandscapeRight";
				INFOPLIST_KEY_UISupportedInterfaceOrientations_iPhone = "UIInterfaceOrientationPortrait UIInterfaceOrientationLandscapeLeft UIInterfaceOrientationLandscapeRight";
				IPHONEOS_DEPLOYMENT_TARGET = 17.6;
				LD_RUNPATH_SEARCH_PATHS = (
					"$(inherited)",
					"@executable_path/Frameworks",
				);
				MARKETING_VERSION = 1.0;
				PRODUCT_BUNDLE_IDENTIFIER = agh.offlinestudy;
				PRODUCT_NAME = "$(TARGET_NAME)";
				STRING_CATALOG_GENERATE_SYMBOLS = YES;
				SWIFT_APPROACHABLE_CONCURRENCY = YES;
				SWIFT_DEFAULT_ACTOR_ISOLATION = MainActor;
				SWIFT_EMIT_LOC_STRINGS = YES;
				SWIFT_UPCOMING_FEATURE_MEMBER_IMPORT_VISIBILITY = YES;
				SWIFT_VERSION = 5.0;
				TARGETED_DEVICE_FAMILY = "1,2";
			};
			name = Release;
		};
		95191B862EC8FDF00096D2A6 /* Debug */ = {
			isa = XCBuildConfiguration;
			buildSettings = {
				BUNDLE_LOADER = "$(TEST_HOST)";
				CODE_SIGN_STYLE = Automatic;
				CURRENT_PROJECT_VERSION = 1;
				GENERATE_INFOPLIST_FILE = YES;
				IPHONEOS_DEPLOYMENT_TARGET = 26.1;
				MARKETING_VERSION = 1.0;
				PRODUCT_BUNDLE_IDENTIFIER = agh.offlinestudyTests;
				PRODUCT_NAME = "$(TARGET_NAME)";
				STRING_CATALOG_GENERATE_SYMBOLS = NO;
				SWIFT_APPROACHABLE_CONCURRENCY = YES;
				SWIFT_EMIT_LOC_STRINGS = NO;
				SWIFT_UPCOMING_FEATURE_MEMBER_IMPORT_VISIBILITY = YES;
				SWIFT_VERSION = 5.0;
				TARGETED_DEVICE_FAMILY = "1,2";
				TEST_HOST = "$(BUILT_PRODUCTS_DIR)/offlinestudy.app/$(BUNDLE_EXECUTABLE_FOLDER_PATH)/offlinestudy";
			};
			name = Debug;
		};
		95191B872EC8FDF00096D2A6 /* Release */ = {
			isa = XCBuildConfiguration;
			buildSettings = {
				BUNDLE_LOADER = "$(TEST_HOST)";
				CODE_SIGN_STYLE = Automatic;
				CURRENT_PROJECT_VERSION = 1;
				GENERATE_INFOPLIST_FILE = YES;
				IPHONEOS_DEPLOYMENT_TARGET = 26.1;
				MARKETING_VERSION = 1.0;
				PRODUCT_BUNDLE_IDENTIFIER = agh.offlinestudyTests;
				PRODUCT_NAME = "$(TARGET_NAME)";
				STRING_CATALOG_GENERATE_SYMBOLS = NO;
				SWIFT_APPROACHABLE_CONCURRENCY = YES;
				SWIFT_EMIT_LOC_STRINGS = NO;
				SWIFT_UPCOMING_FEATURE_MEMBER_IMPORT_VISIBILITY = YES;
				SWIFT_VERSION = 5.0;
				TARGETED_DEVICE_FAMILY = "1,2";
				TEST_HOST = "$(BUILT_PRODUCTS_DIR)/offlinestudy.app/$(BUNDLE_EXECUTABLE_FOLDER_PATH)/offlinestudy";
			};
			name = Release;
		};
		95191B892EC8FDF00096D2A6 /* Debug */ = {
			isa = XCBuildConfiguration;
			buildSettings = {
				CODE_SIGN_STYLE = Automatic;
				CURRENT_PROJECT_VERSION = 1;
				GENERATE_INFOPLIST_FILE = YES;
				MARKETING_VERSION = 1.0;
				PRODUCT_BUNDLE_IDENTIFIER = agh.offlinestudyUITests;
				PRODUCT_NAME = "$(TARGET_NAME)";
				STRING_CATALOG_GENERATE_SYMBOLS = NO;
				SWIFT_APPROACHABLE_CONCURRENCY = YES;
				SWIFT_EMIT_LOC_STRINGS = NO;
				SWIFT_UPCOMING_FEATURE_MEMBER_IMPORT_VISIBILITY = YES;
				SWIFT_VERSION = 5.0;
				TARGETED_DEVICE_FAMILY = "1,2";
				TEST_TARGET_NAME = offlinestudy;
			};
			name = Debug;
		};
		95191B8A2EC8FDF00096D2A6 /* Release */ = {
			isa = XCBuildConfiguration;
			buildSettings = {
				CODE_SIGN_STYLE = Automatic;
				CURRENT_PROJECT_VERSION = 1;
				GENERATE_INFOPLIST_FILE = YES;
				MARKETING_VERSION = 1.0;
				PRODUCT_BUNDLE_IDENTIFIER = agh.offlinestudyUITests;
				PRODUCT_NAME = "$(TARGET_NAME)";
				STRING_CATALOG_GENERATE_SYMBOLS = NO;
				SWIFT_APPROACHABLE_CONCURRENCY = YES;
				SWIFT_EMIT_LOC_STRINGS = NO;
				SWIFT_UPCOMING_FEATURE_MEMBER_IMPORT_VISIBILITY = YES;
				SWIFT_VERSION = 5.0;
				TARGETED_DEVICE_FAMILY = "1,2";
				TEST_TARGET_NAME = offlinestudy;
			};
			name = Release;
		};
/* End XCBuildConfiguration section */

/* Begin XCConfigurationList section */
		95191B5C2EC8FDEF0096D2A6 /* Build configuration list for PBXProject "offlinestudy" */ = {
			isa = XCConfigurationList;
			buildConfigurations = (
				95191B802EC8FDF00096D2A6 /* Debug */,
				95191B812EC8FDF00096D2A6 /* Release */,
			);
			defaultConfigurationIsVisible = 0;
			defaultConfigurationName = Release;
		};
		95191B822EC8FDF00096D2A6 /* Build configuration list for PBXNativeTarget "offlinestudy" */ = {
			isa = XCConfigurationList;
			buildConfigurations = (
				95191B832EC8FDF00096D2A6 /* Debug */,
				95191B842EC8FDF00096D2A6 /* Release */,
			);
			defaultConfigurationIsVisible = 0;
			defaultConfigurationName = Release;
		};
		95191B852EC8FDF00096D2A6 /* Build configuration list for PBXNativeTarget "offlinestudyTests" */ = {
			isa = XCConfigurationList;
			buildConfigurations = (
				95191B862EC8FDF00096D2A6 /* Debug */,
				95191B872EC8FDF00096D2A6 /* Release */,
			);
			defaultConfigurationIsVisible = 0;
			defaultConfigurationName = Release;
		};
		95191B882EC8FDF00096D2A6 /* Build configuration list for PBXNativeTarget "offlinestudyUITests" */ = {
			isa = XCConfigurationList;
			buildConfigurations = (
				95191B892EC8FDF00096D2A6 /* Debug */,
				95191B8A2EC8FDF00096D2A6 /* Release */,
			);
			defaultConfigurationIsVisible = 0;
			defaultConfigurationName = Release;
		};
/* End XCConfigurationList section */
	};
	rootObject = 95191B592EC8FDEF0096D2A6 /* Project object */;
}
